github.com/jackpal/bencode-go v1.0.2 h1:LcCNfZ344u0LpBPOZNjpCLps/wUOuN4r87Fy9+5yU8g=
github.com/jackpal/bencode-go v1.0.2/go.mod h1:6jI9mUjO3GQbZti3JizEfxTzRfWOM8oBBcwbwlTfceI=
github.com/mitchellh/mapstructure v1.5.0 h1:jeMsZIYE/09sWLaz43PL7Gy6RuMjD2eJVyuac5Z2hdY=
github.com/mitchellh/mapstructure v1.5.0/go.mod h1:bFUtVrKA4DC2yAKiSyO/QUcy7e+RRV2QTWOzhPopBRo=
